
Microsoft Visual Studio Solution File, Format Version 12.00
# Visual Studio 15
VisualStudioVersion = 15.0.27428.2002
MinimumVisualStudioVersion = 10.0.40219.1
Project("{FAE04EC0-301F-11D3-BF4B-00C04F79EFBC}") = "NetCoreDocker", "NetCoreDocker\NetCoreDocker.csproj", "{F9F2F6B5-763F-4BE8-A116-11529607FA8E}"
EndProject
Project("{E53339B2-1760-4266-BCC7-CA923CBCF16C}") = "docker-compose", "docker-compose.dcproj", "{1BB55E23-DAE7-4ED5-B8B6-331D94A5DC28}"
EndProject
Global
	GlobalSection(SolutionConfigurationPlatforms) = preSolution
		Debug|Any CPU = Debug|Any CPU
		Release|Any CPU = Release|Any CPU
	EndGlobalSection
	GlobalSection(ProjectConfigurationPlatforms) = postSolution
		{F9F2F6B5-763F-4BE8-A116-11529607FA8E}.Debug|Any CPU.ActiveCfg = Debug|Any CPU
		{F9F2F6B5-763F-4BE8-A116-11529607FA8E}.Debug|Any CPU.Build.0 = Debug|Any CPU
		{F9F2F6B5-763F-4BE8-A116-11529607FA8E}.Release|Any CPU.ActiveCfg = Release|Any CPU
		{F9F2F6B5-763F-4BE8-A116-11529607FA8E}.Release|Any CPU.Build.0 = Release|Any CPU
		{1BB55E23-DAE7-4ED5-B8B6-331D94A5DC28}.Debug|Any CPU.ActiveCfg = Debug|Any CPU
		{1BB55E23-DAE7-4ED5-B8B6-331D94A5DC28}.Debug|Any CPU.Build.0 = Debug|Any CPU
		{1BB55E23-DAE7-4ED5-B8B6-331D94A5DC28}.Release|Any CPU.ActiveCfg = Release|Any CPU
		{1BB55E23-DAE7-4ED5-B8B6-331D94A5DC28}.Release|Any CPU.Build.0 = Release|Any CPU
	EndGlobalSection
	GlobalSection(SolutionProperties) = preSolution
		HideSolutionNode = FALSE
	EndGlobalSection
	GlobalSection(ExtensibilityGlobals) = postSolution
		SolutionGuid = {03122A88-B6BC-4A56-AB59-E5196EEFEECB}
	EndGlobalSection
EndGlobal
